
Microsoft Visual Studio Solution File, Format Version 12.00
# Visual Studio Version 16
VisualStudioVersion = 16.0.28803.452
MinimumVisualStudioVersion = 10.0.40219.1
Project("{FAE04EC0-301F-11D3-BF4B-00C04F79EFBC}") = "uSlack.Web", "uSlack.Web\uSlack.Web.csproj", "{490AFA46-3DED-4E14-B589-D1CA545C0C0E}"
EndProject
Project("{FAE04EC0-301F-11D3-BF4B-00C04F79EFBC}") = "uSlack", "uSlack\uSlack.csproj", "{FEEFEB2F-83EF-4561-80E1-D15808CD432A}"
EndProject
Global
	GlobalSection(SolutionConfigurationPlatforms) = preSolution
		Debug|Any CPU = Debug|Any CPU
		Release|Any CPU = Release|Any CPU
	EndGlobalSection
	GlobalSection(ProjectConfigurationPlatforms) = postSolution
		{490AFA46-3DED-4E14-B589-D1CA545C0C0E}.Debug|Any CPU.ActiveCfg = Debug|Any CPU
		{490AFA46-3DED-4E14-B589-D1CA545C0C0E}.Debug|Any CPU.Build.0 = Debug|Any CPU
		{490AFA46-3DED-4E14-B589-D1CA545C0C0E}.Release|Any CPU.ActiveCfg = Release|Any CPU
		{490AFA46-3DED-4E14-B589-D1CA545C0C0E}.Release|Any CPU.Build.0 = Release|Any CPU
		{FEEFEB2F-83EF-4561-80E1-D15808CD432A}.Debug|Any CPU.ActiveCfg = Debug|Any CPU
		{FEEFEB2F-83EF-4561-80E1-D15808CD432A}.Debug|Any CPU.Build.0 = Debug|Any CPU
		{FEEFEB2F-83EF-4561-80E1-D15808CD432A}.Release|Any CPU.ActiveCfg = Release|Any CPU
		{FEEFEB2F-83EF-4561-80E1-D15808CD432A}.Release|Any CPU.Build.0 = Release|Any CPU
	EndGlobalSection
	GlobalSection(SolutionProperties) = preSolution
		HideSolutionNode = FALSE
	EndGlobalSection
	GlobalSection(ExtensibilityGlobals) = postSolution
		SolutionGuid = {2D9787A1-63F8-46B3-9F84-C2E6EFFB7A1A}
	EndGlobalSection
EndGlobal
