
Microsoft Visual Studio Solution File, Format Version 12.00
# Visual Studio Version 16
VisualStudioVersion = 16.0.28803.452
MinimumVisualStudioVersion = 10.0.40219.1
Project("{FAE04EC0-301F-11D3-BF4B-00C04F79EFBC}") = "uSlack.Web", "uSlack.Web\uSlack.Web.csproj", "{490AFA46-3DED-4E14-B589-D1CA545C0C0E}"
EndProject
Project("{FAE04EC0-301F-11D3-BF4B-00C04F79EFBC}") = "uSlack", "uSlack\uSlack.csproj", "{FEEFEB2F-83EF-4561-80E1-D15808CD432A}"
EndProject
Project("{FAE04EC0-301F-11D3-BF4B-00C04F79EFBC}") = "uSlack.Tests", "uSlack.Tests\uSlack.Tests.csproj", "{76085590-FA77-4BE5-AD75-C669512024D1}"
EndProject
Project("{2150E333-8FDC-42A3-9474-1A3956D46DE8}") = "Tools", "Tools", "{B9FD22B6-353D-48C9-832A-971021D666A8}"
	ProjectSection(SolutionItems) = preProject
		..\tools\createTunnel.bat = ..\tools\createTunnel.bat
	EndProjectSection
EndProject
Project("{FAE04EC0-301F-11D3-BF4B-00C04F79EFBC}") = "uSlack.Plumber", "uSlack.Plumber\uSlack.Plumber.csproj", "{2C2C6480-1602-49E7-B0B3-681AD9AA6E4B}"
EndProject
Project("{FAE04EC0-301F-11D3-BF4B-00C04F79EFBC}") = "uSlack.UmbracoForms", "uSlack.UmbracoForms\uSlack.UmbracoForms.csproj", "{F3747020-2471-4CEC-AF7B-24FF882F0A52}"
EndProject
Project("{E24C65DC-7377-472B-9ABA-BC803B73C61A}") = "uSlack.Docs", "uSlack.Docs\", "{298E8A23-E2CF-4047-BAA7-A37310707E37}"
	ProjectSection(WebsiteProperties) = preProject
		TargetFrameworkMoniker = ".NETFramework,Version%3Dv4.0"
		Debug.AspNetCompiler.VirtualPath = "/localhost_53135"
		Debug.AspNetCompiler.PhysicalPath = "uSlack.Docs\"
		Debug.AspNetCompiler.TargetPath = "PrecompiledWeb\localhost_53135\"
		Debug.AspNetCompiler.Updateable = "true"
		Debug.AspNetCompiler.ForceOverwrite = "true"
		Debug.AspNetCompiler.FixedNames = "false"
		Debug.AspNetCompiler.Debug = "True"
		Release.AspNetCompiler.VirtualPath = "/localhost_53135"
		Release.AspNetCompiler.PhysicalPath = "uSlack.Docs\"
		Release.AspNetCompiler.TargetPath = "PrecompiledWeb\localhost_53135\"
		Release.AspNetCompiler.Updateable = "true"
		Release.AspNetCompiler.ForceOverwrite = "true"
		Release.AspNetCompiler.FixedNames = "false"
		Release.AspNetCompiler.Debug = "False"
		VWDPort = "53135"
		SlnRelativePath = "uSlack.Docs\"
	EndProjectSection
EndProject
Project("{9A19103F-16F7-4668-BE54-9A1E7A4F7556}") = "SlackAPI", "..\..\SlackAPI\SlackAPI\SlackAPI.csproj", "{4F42B4FE-75FE-4D4C-85D6-15980141478B}"
EndProject
Global
	GlobalSection(SolutionConfigurationPlatforms) = preSolution
		Debug|Any CPU = Debug|Any CPU
		Release|Any CPU = Release|Any CPU
	EndGlobalSection
	GlobalSection(ProjectConfigurationPlatforms) = postSolution
		{490AFA46-3DED-4E14-B589-D1CA545C0C0E}.Debug|Any CPU.ActiveCfg = Debug|Any CPU
		{490AFA46-3DED-4E14-B589-D1CA545C0C0E}.Debug|Any CPU.Build.0 = Debug|Any CPU
		{490AFA46-3DED-4E14-B589-D1CA545C0C0E}.Release|Any CPU.ActiveCfg = Release|Any CPU
		{490AFA46-3DED-4E14-B589-D1CA545C0C0E}.Release|Any CPU.Build.0 = Release|Any CPU
		{FEEFEB2F-83EF-4561-80E1-D15808CD432A}.Debug|Any CPU.ActiveCfg = Debug|Any CPU
		{FEEFEB2F-83EF-4561-80E1-D15808CD432A}.Debug|Any CPU.Build.0 = Debug|Any CPU
		{FEEFEB2F-83EF-4561-80E1-D15808CD432A}.Release|Any CPU.ActiveCfg = Release|Any CPU
		{FEEFEB2F-83EF-4561-80E1-D15808CD432A}.Release|Any CPU.Build.0 = Release|Any CPU
		{76085590-FA77-4BE5-AD75-C669512024D1}.Debug|Any CPU.ActiveCfg = Debug|Any CPU
		{76085590-FA77-4BE5-AD75-C669512024D1}.Debug|Any CPU.Build.0 = Debug|Any CPU
		{76085590-FA77-4BE5-AD75-C669512024D1}.Release|Any CPU.ActiveCfg = Release|Any CPU
		{76085590-FA77-4BE5-AD75-C669512024D1}.Release|Any CPU.Build.0 = Release|Any CPU
		{2C2C6480-1602-49E7-B0B3-681AD9AA6E4B}.Debug|Any CPU.ActiveCfg = Debug|Any CPU
		{2C2C6480-1602-49E7-B0B3-681AD9AA6E4B}.Debug|Any CPU.Build.0 = Debug|Any CPU
		{2C2C6480-1602-49E7-B0B3-681AD9AA6E4B}.Release|Any CPU.ActiveCfg = Release|Any CPU
		{2C2C6480-1602-49E7-B0B3-681AD9AA6E4B}.Release|Any CPU.Build.0 = Release|Any CPU
		{F3747020-2471-4CEC-AF7B-24FF882F0A52}.Debug|Any CPU.ActiveCfg = Debug|Any CPU
		{F3747020-2471-4CEC-AF7B-24FF882F0A52}.Debug|Any CPU.Build.0 = Debug|Any CPU
		{F3747020-2471-4CEC-AF7B-24FF882F0A52}.Release|Any CPU.ActiveCfg = Release|Any CPU
		{F3747020-2471-4CEC-AF7B-24FF882F0A52}.Release|Any CPU.Build.0 = Release|Any CPU
		{298E8A23-E2CF-4047-BAA7-A37310707E37}.Debug|Any CPU.ActiveCfg = Debug|Any CPU
		{298E8A23-E2CF-4047-BAA7-A37310707E37}.Debug|Any CPU.Build.0 = Debug|Any CPU
		{298E8A23-E2CF-4047-BAA7-A37310707E37}.Release|Any CPU.ActiveCfg = Debug|Any CPU
		{298E8A23-E2CF-4047-BAA7-A37310707E37}.Release|Any CPU.Build.0 = Debug|Any CPU
		{4F42B4FE-75FE-4D4C-85D6-15980141478B}.Debug|Any CPU.ActiveCfg = Debug|Any CPU
		{4F42B4FE-75FE-4D4C-85D6-15980141478B}.Debug|Any CPU.Build.0 = Debug|Any CPU
		{4F42B4FE-75FE-4D4C-85D6-15980141478B}.Release|Any CPU.ActiveCfg = Release|Any CPU
		{4F42B4FE-75FE-4D4C-85D6-15980141478B}.Release|Any CPU.Build.0 = Release|Any CPU
	EndGlobalSection
	GlobalSection(SolutionProperties) = preSolution
		HideSolutionNode = FALSE
	EndGlobalSection
	GlobalSection(ExtensibilityGlobals) = postSolution
		SolutionGuid = {2D9787A1-63F8-46B3-9F84-C2E6EFFB7A1A}
	EndGlobalSection
EndGlobal
